{
  "version": 4,
  "terraform_version": "1.7.4",
  "serial": 4,
  "lineage": "4a547f2d-d467-01ed-0083-88213f9972bc",
  "outputs": {},
  "resources": [
    {
      "mode": "managed",
      "type": "google_container_cluster",
      "name": "primary",
      "provider": "provider[\"registry.terraform.io/hashicorp/google\"]",
      "instances": [
        {
          "schema_version": 1,
          "attributes": {
            "addons_config": [
              {
                "cloudrun_config": [],
                "config_connector_config": [],
                "dns_cache_config": [],
                "gce_persistent_disk_csi_driver_config": [
                  {
                    "enabled": true
                  }
                ],
                "gcp_filestore_csi_driver_config": [],
                "gke_backup_agent_config": [],
                "horizontal_pod_autoscaling": [],
                "http_load_balancing": [],
                "network_policy_config": [
                  {
                    "disabled": true
                  }
                ]
              }
            ],
            "authenticator_groups_config": [],
            "binary_authorization": [
              {
                "enabled": false,
                "evaluation_mode": ""
              }
            ],
            "cluster_autoscaling": [
              {
                "auto_provisioning_defaults": [],
                "enabled": false,
                "resource_limits": []
              }
            ],
            "cluster_ipv4_cidr": "10.12.0.0/14",
            "confidential_nodes": [],
            "cost_management_config": [],
            "database_encryption": [
              {
                "key_name": "",
                "state": "DECRYPTED"
              }
            ],
            "datapath_provider": "",
            "default_max_pods_per_node": null,
            "default_snat_status": [
              {
                "disabled": false
              }
            ],
            "description": "",
            "dns_config": [],
            "enable_autopilot": false,
            "enable_binary_authorization": false,
            "enable_intranode_visibility": false,
            "enable_kubernetes_alpha": false,
            "enable_l4_ilb_subsetting": false,
            "enable_legacy_abac": false,
            "enable_shielded_nodes": true,
            "enable_tpu": false,
            "endpoint": "35.232.86.44",
            "gateway_api_config": [],
            "id": "projects/csci5408-k8s/locations/us-central1/clusters/cloud-major-assignment",
            "initial_node_count": 1,
            "ip_allocation_policy": [],
            "label_fingerprint": "a9dc16a7",
            "location": "us-central1",
            "logging_config": [
              {
                "enable_components": [
                  "SYSTEM_COMPONENTS",
                  "WORKLOADS"
                ]
              }
            ],
            "logging_service": "logging.googleapis.com/kubernetes",
            "maintenance_policy": [],
            "master_auth": [
              {
                "client_certificate": "",
                "client_certificate_config": [
                  {
                    "issue_client_certificate": false
                  }
                ],
                "client_key": "",
                "cluster_ca_certificate": "LS0tLS1CRUdJTiBDRVJUSUZJQ0FURS0tLS0tCk1JSUVMRENDQXBTZ0F3SUJBZ0lRTGhzbk5tOGxTbHkwMklhUHZDQXY0VEFOQmdrcWhraUc5dzBCQVFzRkFEQXYKTVMwd0t3WURWUVFERXlSaU1UQTJZVEk0TUMwM01XTmlMVFExTURBdE9EZzJZaTAwWm1ReFkyTmxOak5qWXpndwpJQmNOTWpRd016RXpNakl4TWpFeldoZ1BNakExTkRBek1EWXlNekV5TVROYU1DOHhMVEFyQmdOVkJBTVRKR0l4Ck1EWmhNamd3TFRjeFkySXRORFV3TUMwNE9EWmlMVFJtWkRGalkyVTJNMk5qT0RDQ0FhSXdEUVlKS29aSWh2Y04KQVFFQkJRQURnZ0dQQURDQ0FZb0NnZ0dCQU1vVXdmWFdwT0hSQzFuYm55YXI2elZjbzJDR0IxSGJDTjJaenE3OApWOVFNZTJJd1BnbzJSSEZqYjViT3A2anhHT3RuclhYYjhMbjdxL0hTdHlKOWN5Z1Vvbi9lV01LZWZvWjBwYkJ2ClU2V0dpY3YzYkdJRGRhMWtuUmMyQ1VvTUtlSU94RWNmMkNqL1owa3d0Z3YxY0RKUFEzNEs5WVU1OVF6R0tDQXIKdStjWDUrYmM2QVp3enhkTGo3UXlyaEpMN0c1VHJnZ25uaHNvbk5GZ01tT01XVVg1b0VTTURPaVpHNTNXbTJzSQpwaVBMbnVBZmtGTWh5VlZDVlBSTVF2SUhTSFBQRG9JK3h3MDE1UjJYRkZJamZQNzg3V1VsMklFTUlkYk1sSXdzCk9FYk1ueVNKbVNRS3ZORE9ta3BBSjYwY2Z5dzJhbzdMY3YzcFFQZEdZdCs2YXhDeENRTjhwcTdUMlhBeTAyMHoKZmo1UFA0c2hsamw4L1JxaHVjVURLRHZkWndWQ3o0NW0xYkd0dDlwRktWSS9NUWhxdzc4aFVNSStuTzNUTmgwMQowYk04enhFcysrY25SWkozbGpyK05UVXIwS2R2SlR4dS9sZjNlUTlTOVRPekdaMkxTSzhQU2FONTRmaEp6MG9JCm1pUkVvVlJJVFFyM0cvTVh1SUFnWm9MN3VRSURBUUFCbzBJd1FEQU9CZ05WSFE4QkFmOEVCQU1DQWdRd0R3WUQKVlIwVEFRSC9CQVV3QXdFQi96QWRCZ05WSFE0RUZnUVVjS0RQc0R0ZDBlSjAxYStpWlpmZDlCK1pxcWN3RFFZSgpLb1pJaHZjTkFRRUxCUUFEZ2dHQkFLS1o2ZXR0Z01DQTZLOUFiUzh3cmpJNjl6cVArWHZFWmdNN3kwY0ZOanFTCllDcEs5Tll6R1N1UG1Mb3BoZXgvL1Z0OU5zK1MxeEcwYnR4NWZRVC80UEtQcEExNTl4WE1sVmlGSVo1RXlOMW8KZ1BrR2Z5dzFjRVkwMXBFd3RTaEc0ZTR6L0JkS1JUY3lKbzhyZEVSN3I1dTNrN3l3dWFrRkhsWUF1ZFhteW1uMwpSd1hJNzVPc1E2RTBxaDA1eG9EM2o0bXY2Ukk2S1dSUXZ1RzE5MG4zMDV3dk91S3FGclNLbHcyRDlGSWZURkZaCnJvUWlrMWtKV29tcXZrSXNyUlFiWk5za2JqUHJuZ3FOYlFuR25IaDFGbkYxckVvWU9xbTMxMjJTT0ZsQTNHTzkKYmZ1a1RFV0UraXRITVRvVFIwM0JMSXBOSFVDM1UrN3J3KzRJc2laVDBHMjJxM1FjdHRjSytSQTc0RXZXYlZNaApkT2QxaDhQN3dIcVBmR1dNdWFIbWI3TVhKdk1ma3Z4b1pSL2IzakswR28xTjN3N1g3Mkc5d3BDcFI5YXhGbFNKCjd4cVVON29mT2s2LzFwK0ZNNnVNajM4NThrdWo2WkZ5ZUJ2bEpweEM2cEtGSnR4Q1l4ZFIwZm9WYVh4NlZxejQKMzRRbWg0ZUp0MTUzWXJleHc0RXR1Zz09Ci0tLS0tRU5EIENFUlRJRklDQVRFLS0tLS0K"
              }
            ],
            "master_authorized_networks_config": [],
            "master_version": "1.27.8-gke.1067004",
            "mesh_certificates": [],
            "min_master_version": null,
            "monitoring_config": [
              {
                "enable_components": [
                  "SYSTEM_COMPONENTS"
                ],
                "managed_prometheus": [
                  {
                    "enabled": true
                  }
                ]
              }
            ],
            "monitoring_service": "monitoring.googleapis.com/kubernetes",
            "name": "cloud-major-assignment",
            "network": "projects/csci5408-k8s/global/networks/default",
            "network_policy": [
              {
                "enabled": false,
                "provider": "PROVIDER_UNSPECIFIED"
              }
            ],
            "networking_mode": "ROUTES",
            "node_config": [],
            "node_locations": [
              "us-central1-b",
              "us-central1-c",
              "us-central1-f"
            ],
            "node_pool": [],
            "node_pool_defaults": [
              {
                "node_config_defaults": [
                  {
                    "logging_variant": "DEFAULT"
                  }
                ]
              }
            ],
            "node_version": "1.27.8-gke.1067004",
            "notification_config": [
              {
                "pubsub": [
                  {
                    "enabled": false,
                    "filter": [],
                    "topic": ""
                  }
                ]
              }
            ],
            "operation": null,
            "private_cluster_config": [
              {
                "enable_private_endpoint": false,
                "enable_private_nodes": false,
                "master_global_access_config": [
                  {
                    "enabled": false
                  }
                ],
                "master_ipv4_cidr_block": "",
                "peering_name": "",
                "private_endpoint": "10.128.0.2",
                "private_endpoint_subnetwork": "",
                "public_endpoint": "35.232.86.44"
              }
            ],
            "private_ipv6_google_access": "",
            "project": "csci5408-k8s",
            "release_channel": [
              {
                "channel": "REGULAR"
              }
            ],
            "remove_default_node_pool": true,
            "resource_labels": null,
            "resource_usage_export_config": [],
            "self_link": "https://container.googleapis.com/v1/projects/csci5408-k8s/locations/us-central1/clusters/cloud-major-assignment",
            "service_external_ips_config": [
              {
                "enabled": false
              }
            ],
            "services_ipv4_cidr": "10.15.240.0/20",
            "subnetwork": "projects/csci5408-k8s/regions/us-central1/subnetworks/default",
            "timeouts": null,
            "tpu_ipv4_cidr_block": "",
            "vertical_pod_autoscaling": [],
            "workload_identity_config": []
          },
          "sensitive_attributes": [],
          "private": "eyJlMmJmYjczMC1lY2FhLTExZTYtOGY4OC0zNDM2M2JjN2M0YzAiOnsiY3JlYXRlIjoyNDAwMDAwMDAwMDAwLCJkZWxldGUiOjI0MDAwMDAwMDAwMDAsInJlYWQiOjI0MDAwMDAwMDAwMDAsInVwZGF0ZSI6MzYwMDAwMDAwMDAwMH0sInNjaGVtYV92ZXJzaW9uIjoiMSJ9"
        }
      ]
    },
    {
      "mode": "managed",
      "type": "google_container_node_pool",
      "name": "primary_nodes",
      "provider": "provider[\"registry.terraform.io/hashicorp/google\"]",
      "instances": [
        {
          "schema_version": 1,
          "attributes": {
            "autoscaling": [],
            "cluster": "cloud-major-assignment",
            "id": "projects/csci5408-k8s/locations/us-central1/clusters/cloud-major-assignment/nodePools/cloud-major-assignment-node-pool",
            "initial_node_count": 1,
            "instance_group_urls": [
              "https://www.googleapis.com/compute/v1/projects/csci5408-k8s/zones/us-central1-c/instanceGroupManagers/gke-cloud-major-assi-cloud-major-assi-1278112f-grp",
              "https://www.googleapis.com/compute/v1/projects/csci5408-k8s/zones/us-central1-f/instanceGroupManagers/gke-cloud-major-assi-cloud-major-assi-dad3adbf-grp",
              "https://www.googleapis.com/compute/v1/projects/csci5408-k8s/zones/us-central1-b/instanceGroupManagers/gke-cloud-major-assi-cloud-major-assi-6ed0f0cd-grp"
            ],
            "location": "us-central1",
            "managed_instance_group_urls": [
              "https://www.googleapis.com/compute/v1/projects/csci5408-k8s/zones/us-central1-c/instanceGroups/gke-cloud-major-assi-cloud-major-assi-1278112f-grp",
              "https://www.googleapis.com/compute/v1/projects/csci5408-k8s/zones/us-central1-f/instanceGroups/gke-cloud-major-assi-cloud-major-assi-dad3adbf-grp",
              "https://www.googleapis.com/compute/v1/projects/csci5408-k8s/zones/us-central1-b/instanceGroups/gke-cloud-major-assi-cloud-major-assi-6ed0f0cd-grp"
            ],
            "management": [
              {
                "auto_repair": true,
                "auto_upgrade": true
              }
            ],
            "max_pods_per_node": null,
            "name": "cloud-major-assignment-node-pool",
            "name_prefix": "",
            "network_config": [
              {
                "create_pod_range": false,
                "enable_private_nodes": false,
                "pod_cidr_overprovision_config": [],
                "pod_ipv4_cidr_block": "",
                "pod_range": ""
              }
            ],
            "node_config": [
              {
                "advanced_machine_features": [],
                "boot_disk_kms_key": "",
                "disk_size_gb": 10,
                "disk_type": "pd-standard",
                "ephemeral_storage_local_ssd_config": [],
                "gcfs_config": [],
                "guest_accelerator": [],
                "gvnic": [],
                "image_type": "COS_CONTAINERD",
                "kubelet_config": [],
                "labels": {},
                "linux_node_config": [],
                "local_nvme_ssd_block_config": [],
                "local_ssd_count": 0,
                "logging_variant": "DEFAULT",
                "machine_type": "e2-micro",
                "metadata": {
                  "disable-legacy-endpoints": "true"
                },
                "min_cpu_platform": "",
                "node_group": "",
                "oauth_scopes": [
                  "https://www.googleapis.com/auth/devstorage.read_only",
                  "https://www.googleapis.com/auth/logging.write",
                  "https://www.googleapis.com/auth/monitoring",
                  "https://www.googleapis.com/auth/service.management.readonly",
                  "https://www.googleapis.com/auth/servicecontrol",
                  "https://www.googleapis.com/auth/trace.append"
                ],
                "preemptible": false,
                "reservation_affinity": [],
                "resource_labels": null,
                "service_account": "default",
                "shielded_instance_config": [
                  {
                    "enable_integrity_monitoring": true,
                    "enable_secure_boot": false
                  }
                ],
                "spot": false,
                "tags": null,
                "taint": [],
                "workload_metadata_config": []
              }
            ],
            "node_count": 1,
            "node_locations": [
              "us-central1-b",
              "us-central1-c",
              "us-central1-f"
            ],
            "operation": null,
            "placement_policy": [],
            "project": "csci5408-k8s",
            "timeouts": null,
            "upgrade_settings": [
              {
                "blue_green_settings": [],
                "max_surge": 1,
                "max_unavailable": 0,
                "strategy": "SURGE"
              }
            ],
            "version": "1.27.8-gke.1067004"
          },
          "sensitive_attributes": [],
          "private": "eyJlMmJmYjczMC1lY2FhLTExZTYtOGY4OC0zNDM2M2JjN2M0YzAiOnsiY3JlYXRlIjoxODAwMDAwMDAwMDAwLCJkZWxldGUiOjE4MDAwMDAwMDAwMDAsInVwZGF0ZSI6MTgwMDAwMDAwMDAwMH0sInNjaGVtYV92ZXJzaW9uIjoiMSJ9",
          "dependencies": [
            "google_container_cluster.primary"
          ]
        }
      ]
    }
  ],
  "check_results": null
}
